// !$*UTF8*$!
{
	archiveVersion = 1;
	classes = {
	};
	objectVersion = 48;
	objects = {

/* Begin PBXBuildFile section */
		BD2F269C2045281900FFDF1B /* SecondViewController.m in Sources */ = {isa = PBXBuildFile; fileRef = BD2F269B2045281900FFDF1B /* SecondViewController.m */; };
		BD2F269F2045381B00FFDF1B /* Defaultinstance.m in Sources */ = {isa = PBXBuildFile; fileRef = BD2F269E2045381B00FFDF1B /* Defaultinstance.m */; };
		BD2F7CAB2015CC6F00D56EF2 /* AppDelegate.m in Sources */ = {isa = PBXBuildFile; fileRef = BD2F7CAA2015CC6F00D56EF2 /* AppDelegate.m */; };
		BD2F7CAE2015CC6F00D56EF2 /* ViewController.m in Sources */ = {isa = PBXBuildFile; fileRef = BD2F7CAD2015CC6F00D56EF2 /* ViewController.m */; };
		BD2F7CB12015CC6F00D56EF2 /* Main.storyboard in Resources */ = {isa = PBXBuildFile; fileRef = BD2F7CAF2015CC6F00D56EF2 /* Main.storyboard */; };
		BD2F7CB32015CC6F00D56EF2 /* Assets.xcassets in Resources */ = {isa = PBXBuildFile; fileRef = BD2F7CB22015CC6F00D56EF2 /* Assets.xcassets */; };
		BD2F7CB62015CC6F00D56EF2 /* LaunchScreen.storyboard in Resources */ = {isa = PBXBuildFile; fileRef = BD2F7CB42015CC6F00D56EF2 /* LaunchScreen.storyboard */; };
		BD2F7CB92015CC6F00D56EF2 /* main.m in Sources */ = {isa = PBXBuildFile; fileRef = BD2F7CB82015CC6F00D56EF2 /* main.m */; };
		BD2F7CC32015CC6F00D56EF2 /* cameraTests.m in Sources */ = {isa = PBXBuildFile; fileRef = BD2F7CC22015CC6F00D56EF2 /* cameraTests.m */; };
		BD2F7CCE2015CC6F00D56EF2 /* cameraUITests.m in Sources */ = {isa = PBXBuildFile; fileRef = BD2F7CCD2015CC6F00D56EF2 /* cameraUITests.m */; };
		BDCB7A6F20206D6E004309F2 /* CMcameraController.m in Sources */ = {isa = PBXBuildFile; fileRef = BDCB7A6E20206D6E004309F2 /* CMcameraController.m */; };
/* End PBXBuildFile section */

/* Begin PBXContainerItemProxy section */
		BD2F7CBF2015CC6F00D56EF2 /* PBXContainerItemProxy */ = {
			isa = PBXContainerItemProxy;
			containerPortal = BD2F7C9E2015CC6F00D56EF2 /* Project object */;
			proxyType = 1;
			remoteGlobalIDString = BD2F7CA52015CC6F00D56EF2;
			remoteInfo = camera;
		};
		BD2F7CCA2015CC6F00D56EF2 /* PBXContainerItemProxy */ = {
			isa = PBXContainerItemProxy;
			containerPortal = BD2F7C9E2015CC6F00D56EF2 /* Project object */;
			proxyType = 1;
			remoteGlobalIDString = BD2F7CA52015CC6F00D56EF2;
			remoteInfo = camera;
		};
/* End PBXContainerItemProxy section */

/* Begin PBXFileReference section */
		BD2F269A2045281900FFDF1B /* SecondViewController.h */ = {isa = PBXFileReference; lastKnownFileType = sourcecode.c.h; path = SecondViewController.h; sourceTree = "<group>"; };
		BD2F269B2045281900FFDF1B /* SecondViewController.m */ = {isa = PBXFileReference; lastKnownFileType = sourcecode.c.objc; path = SecondViewController.m; sourceTree = "<group>"; };
		BD2F269D2045381B00FFDF1B /* Defaultinstance.h */ = {isa = PBXFileReference; lastKnownFileType = sourcecode.c.h; path = Defaultinstance.h; sourceTree = "<group>"; };
		BD2F269E2045381B00FFDF1B /* Defaultinstance.m */ = {isa = PBXFileReference; lastKnownFileType = sourcecode.c.objc; path = Defaultinstance.m; sourceTree = "<group>"; };
		BD2F7CA62015CC6F00D56EF2 /* camera.app */ = {isa = PBXFileReference; explicitFileType = wrapper.application; includeInIndex = 0; path = camera.app; sourceTree = BUILT_PRODUCTS_DIR; };
		BD2F7CA92015CC6F00D56EF2 /* AppDelegate.h */ = {isa = PBXFileReference; lastKnownFileType = sourcecode.c.h; path = AppDelegate.h; sourceTree = "<group>"; };
		BD2F7CAA2015CC6F00D56EF2 /* AppDelegate.m */ = {isa = PBXFileReference; lastKnownFileType = sourcecode.c.objc; path = AppDelegate.m; sourceTree = "<group>"; };
		BD2F7CAC2015CC6F00D56EF2 /* ViewController.h */ = {isa = PBXFileReference; lastKnownFileType = sourcecode.c.h; path = ViewController.h; sourceTree = "<group>"; };
		BD2F7CAD2015CC6F00D56EF2 /* ViewController.m */ = {isa = PBXFileReference; lastKnownFileType = sourcecode.c.objc; path = ViewController.m; sourceTree = "<group>"; };
		BD2F7CB02015CC6F00D56EF2 /* Base */ = {isa = PBXFileReference; lastKnownFileType = file.storyboard; name = Base; path = Base.lproj/Main.storyboard; sourceTree = "<group>"; };
		BD2F7CB22015CC6F00D56EF2 /* Assets.xcassets */ = {isa = PBXFileReference; lastKnownFileType = folder.assetcatalog; path = Assets.xcassets; sourceTree = "<group>"; };
		BD2F7CB52015CC6F00D56EF2 /* Base */ = {isa = PBXFileReference; lastKnownFileType = file.storyboard; name = Base; path = Base.lproj/LaunchScreen.storyboard; sourceTree = "<group>"; };
		BD2F7CB72015CC6F00D56EF2 /* Info.plist */ = {isa = PBXFileReference; lastKnownFileType = text.plist.xml; path = Info.plist; sourceTree = "<group>"; };
		BD2F7CB82015CC6F00D56EF2 /* main.m */ = {isa = PBXFileReference; lastKnownFileType = sourcecode.c.objc; path = main.m; sourceTree = "<group>"; };
		BD2F7CBE2015CC6F00D56EF2 /* cameraTests.xctest */ = {isa = PBXFileReference; explicitFileType = wrapper.cfbundle; includeInIndex = 0; path = cameraTests.xctest; sourceTree = BUILT_PRODUCTS_DIR; };
		BD2F7CC22015CC6F00D56EF2 /* cameraTests.m */ = {isa = PBXFileReference; lastKnownFileType = sourcecode.c.objc; path = cameraTests.m; sourceTree = "<group>"; };
		BD2F7CC42015CC6F00D56EF2 /* Info.plist */ = {isa = PBXFileReference; lastKnownFileType = text.plist.xml; path = Info.plist; sourceTree = "<group>"; };
		BD2F7CC92015CC6F00D56EF2 /* cameraUITests.xctest */ = {isa = PBXFileReference; explicitFileType = wrapper.cfbundle; includeInIndex = 0; path = cameraUITests.xctest; sourceTree = BUILT_PRODUCTS_DIR; };
		BD2F7CCD2015CC6F00D56EF2 /* cameraUITests.m */ = {isa = PBXFileReference; lastKnownFileType = sourcecode.c.objc; path = cameraUITests.m; sourceTree = "<group>"; };
		BD2F7CCF2015CC6F00D56EF2 /* Info.plist */ = {isa = PBXFileReference; lastKnownFileType = text.plist.xml; path = Info.plist; sourceTree = "<group>"; };
		BDCB7A6D20206CA8004309F2 /* CMcameraController.h */ = {isa = PBXFileReference; lastKnownFileType = sourcecode.c.h; path = CMcameraController.h; sourceTree = "<group>"; };
		BDCB7A6E20206D6E004309F2 /* CMcameraController.m */ = {isa = PBXFileReference; lastKnownFileType = sourcecode.c.objc; path = CMcameraController.m; sourceTree = "<group>"; };
/* End PBXFileReference section */

/* Begin PBXFrameworksBuildPhase section */
		BD2F7CA32015CC6F00D56EF2 /* Frameworks */ = {
			isa = PBXFrameworksBuildPhase;
			buildActionMask = 2147483647;
			files = (
			);
			runOnlyForDeploymentPostprocessing = 0;
		};
		BD2F7CBB2015CC6F00D56EF2 /* Frameworks */ = {
			isa = PBXFrameworksBuildPhase;
			buildActionMask = 2147483647;
			files = (
			);
			runOnlyForDeploymentPostprocessing = 0;
		};
		BD2F7CC62015CC6F00D56EF2 /* Frameworks */ = {
			isa = PBXFrameworksBuildPhase;
			buildActionMask = 2147483647;
			files = (
			);
			runOnlyForDeploymentPostprocessing = 0;
		};
/* End PBXFrameworksBuildPhase section */

/* Begin PBXGroup section */
		BD2F7C9D2015CC6F00D56EF2 = {
			isa = PBXGroup;
			children = (
				BD2F7CA82015CC6F00D56EF2 /* camera */,
				BD2F7CC12015CC6F00D56EF2 /* cameraTests */,
				BD2F7CCC2015CC6F00D56EF2 /* cameraUITests */,
				BD2F7CA72015CC6F00D56EF2 /* Products */,
			);
			sourceTree = "<group>";
		};
		BD2F7CA72015CC6F00D56EF2 /* Products */ = {
			isa = PBXGroup;
			children = (
				BD2F7CA62015CC6F00D56EF2 /* camera.app */,
				BD2F7CBE2015CC6F00D56EF2 /* cameraTests.xctest */,
				BD2F7CC92015CC6F00D56EF2 /* cameraUITests.xctest */,
			);
			name = Products;
			sourceTree = "<group>";
		};
		BD2F7CA82015CC6F00D56EF2 /* camera */ = {
			isa = PBXGroup;
			children = (
				BDCB7A6C20205EA4004309F2 /* Controller */,
				BD2F7CA92015CC6F00D56EF2 /* AppDelegate.h */,
				BD2F7CAA2015CC6F00D56EF2 /* AppDelegate.m */,
				BD2F7CAC2015CC6F00D56EF2 /* ViewController.h */,
				BD2F7CAD2015CC6F00D56EF2 /* ViewController.m */,
				BD2F7CAF2015CC6F00D56EF2 /* Main.storyboard */,
				BD2F7CB22015CC6F00D56EF2 /* Assets.xcassets */,
				BD2F7CB42015CC6F00D56EF2 /* LaunchScreen.storyboard */,
				BD2F7CB72015CC6F00D56EF2 /* Info.plist */,
				BD2F7CB82015CC6F00D56EF2 /* main.m */,
				BD2F269A2045281900FFDF1B /* SecondViewController.h */,
				BD2F269B2045281900FFDF1B /* SecondViewController.m */,
				BD2F269D2045381B00FFDF1B /* Defaultinstance.h */,
				BD2F269E2045381B00FFDF1B /* Defaultinstance.m */,
			);
			path = camera;
			sourceTree = "<group>";
		};
		BD2F7CC12015CC6F00D56EF2 /* cameraTests */ = {
			isa = PBXGroup;
			children = (
				BD2F7CC22015CC6F00D56EF2 /* cameraTests.m */,
				BD2F7CC42015CC6F00D56EF2 /* Info.plist */,
			);
			path = cameraTests;
			sourceTree = "<group>";
		};
		BD2F7CCC2015CC6F00D56EF2 /* cameraUITests */ = {
			isa = PBXGroup;
			children = (
				BD2F7CCD2015CC6F00D56EF2 /* cameraUITests.m */,
				BD2F7CCF2015CC6F00D56EF2 /* Info.plist */,
			);
			path = cameraUITests;
			sourceTree = "<group>";
		};
		BDCB7A6C20205EA4004309F2 /* Controller */ = {
			isa = PBXGroup;
			children = (
				BDCB7A6D20206CA8004309F2 /* CMcameraController.h */,
				BDCB7A6E20206D6E004309F2 /* CMcameraController.m */,
			);
			path = Controller;
			sourceTree = "<group>";
		};
/* End PBXGroup section */

/* Begin PBXNativeTarget section */
		BD2F7CA52015CC6F00D56EF2 /* camera */ = {
			isa = PBXNativeTarget;
			buildConfigurationList = BD2F7CD22015CC6F00D56EF2 /* Build configuration list for PBXNativeTarget "camera" */;
			buildPhases = (
				BD2F7CA22015CC6F00D56EF2 /* Sources */,
				BD2F7CA32015CC6F00D56EF2 /* Frameworks */,
				BD2F7CA42015CC6F00D56EF2 /* Resources */,
			);
			buildRules = (
			);
			dependencies = (
			);
			name = camera;
			productName = camera;
			productReference = BD2F7CA62015CC6F00D56EF2 /* camera.app */;
			productType = "com.apple.product-type.application";
		};
		BD2F7CBD2015CC6F00D56EF2 /* cameraTests */ = {
			isa = PBXNativeTarget;
			buildConfigurationList = BD2F7CD52015CC6F00D56EF2 /* Build configuration list for PBXNativeTarget "cameraTests" */;
			buildPhases = (
				BD2F7CBA2015CC6F00D56EF2 /* Sources */,
				BD2F7CBB2015CC6F00D56EF2 /* Frameworks */,
				BD2F7CBC2015CC6F00D56EF2 /* Resources */,
			);
			buildRules = (
			);
			dependencies = (
				BD2F7CC02015CC6F00D56EF2 /* PBXTargetDependency */,
			);
			name = cameraTests;
			productName = cameraTests;
			productReference = BD2F7CBE2015CC6F00D56EF2 /* cameraTests.xctest */;
			productType = "com.apple.product-type.bundle.unit-test";
		};
		BD2F7CC82015CC6F00D56EF2 /* cameraUITests */ = {
			isa = PBXNativeTarget;
			buildConfigurationList = BD2F7CD82015CC6F00D56EF2 /* Build configuration list for PBXNativeTarget "cameraUITests" */;
			buildPhases = (
				BD2F7CC52015CC6F00D56EF2 /* Sources */,
				BD2F7CC62015CC6F00D56EF2 /* Frameworks */,
				BD2F7CC72015CC6F00D56EF2 /* Resources */,
			);
			buildRules = (
			);
			dependencies = (
				BD2F7CCB2015CC6F00D56EF2 /* PBXTargetDependency */,
			);
			name = cameraUITests;
			productName = cameraUITests;
			productReference = BD2F7CC92015CC6F00D56EF2 /* cameraUITests.xctest */;
			productType = "com.apple.product-type.bundle.ui-testing";
		};
/* End PBXNativeTarget section */

/* Begin PBXProject section */
		BD2F7C9E2015CC6F00D56EF2 /* Project object */ = {
			isa = PBXProject;
			attributes = {
				LastUpgradeCheck = 0920;
				ORGANIZATIONNAME = QF;
				TargetAttributes = {
					BD2F7CA52015CC6F00D56EF2 = {
						CreatedOnToolsVersion = 9.2;
						ProvisioningStyle = Automatic;
						SystemCapabilities = {
							com.apple.BackgroundModes = {
								enabled = 0;
							};
						};
					};
					BD2F7CBD2015CC6F00D56EF2 = {
						CreatedOnToolsVersion = 9.2;
						ProvisioningStyle = Automatic;
						TestTargetID = BD2F7CA52015CC6F00D56EF2;
					};
					BD2F7CC82015CC6F00D56EF2 = {
						CreatedOnToolsVersion = 9.2;
						ProvisioningStyle = Automatic;
						TestTargetID = BD2F7CA52015CC6F00D56EF2;
					};
				};
			};
			buildConfigurationList = BD2F7CA12015CC6F00D56EF2 /* Build configuration list for PBXProject "camera" */;
			compatibilityVersion = "Xcode 8.0";
			developmentRegion = en;
			hasScannedForEncodings = 0;
			knownRegions = (
				en,
				Base,
			);
			mainGroup = BD2F7C9D2015CC6F00D56EF2;
			productRefGroup = BD2F7CA72015CC6F00D56EF2 /* Products */;
			projectDirPath = "";
			projectRoot = "";
			targets = (
				BD2F7CA52015CC6F00D56EF2 /* camera */,
				BD2F7CBD2015CC6F00D56EF2 /* cameraTests */,
				BD2F7CC82015CC6F00D56EF2 /* cameraUITests */,
			);
		};
/* End PBXProject section */

/* Begin PBXResourcesBuildPhase section */
		BD2F7CA42015CC6F00D56EF2 /* Resources */ = {
			isa = PBXResourcesBuildPhase;
			buildActionMask = 2147483647;
			files = (
				BD2F7CB62015CC6F00D56EF2 /* LaunchScreen.storyboard in Resources */,
				BD2F7CB32015CC6F00D56EF2 /* Assets.xcassets in Resources */,
				BD2F7CB12015CC6F00D56EF2 /* Main.storyboard in Resources */,
			);
			runOnlyForDeploymentPostprocessing = 0;
		};
		BD2F7CBC2015CC6F00D56EF2 /* Resources */ = {
			isa = PBXResourcesBuildPhase;
			buildActionMask = 2147483647;
			files = (
			);
			runOnlyForDeploymentPostprocessing = 0;
		};
		BD2F7CC72015CC6F00D56EF2 /* Resources */ = {
			isa = PBXResourcesBuildPhase;
			buildActionMask = 2147483647;
			files = (
			);
			runOnlyForDeploymentPostprocessing = 0;
		};
/* End PBXResourcesBuildPhase section */

/* Begin PBXSourcesBuildPhase section */
		BD2F7CA22015CC6F00D56EF2 /* Sources */ = {
			isa = PBXSourcesBuildPhase;
			buildActionMask = 2147483647;
			files = (
				BD2F269F2045381B00FFDF1B /* Defaultinstance.m in Sources */,
				BD2F269C2045281900FFDF1B /* SecondViewController.m in Sources */,
				BDCB7A6F20206D6E004309F2 /* CMcameraController.m in Sources */,
				BD2F7CAE2015CC6F00D56EF2 /* ViewController.m in Sources */,
				BD2F7CB92015CC6F00D56EF2 /* main.m in Sources */,
				BD2F7CAB2015CC6F00D56EF2 /* AppDelegate.m in Sources */,
			);
			runOnlyForDeploymentPostprocessing = 0;
		};
		BD2F7CBA2015CC6F00D56EF2 /* Sources */ = {
			isa = PBXSourcesBuildPhase;
			buildActionMask = 2147483647;
			files = (
				BD2F7CC32015CC6F00D56EF2 /* cameraTests.m in Sources */,
			);
			runOnlyForDeploymentPostprocessing = 0;
		};
		BD2F7CC52015CC6F00D56EF2 /* Sources */ = {
			isa = PBXSourcesBuildPhase;
			buildActionMask = 2147483647;
			files = (
				BD2F7CCE2015CC6F00D56EF2 /* cameraUITests.m in Sources */,
			);
			runOnlyForDeploymentPostprocessing = 0;
		};
/* End PBXSourcesBuildPhase section */

/* Begin PBXTargetDependency section */
		BD2F7CC02015CC6F00D56EF2 /* PBXTargetDependency */ = {
			isa = PBXTargetDependency;
			target = BD2F7CA52015CC6F00D56EF2 /* camera */;
			targetProxy = BD2F7CBF2015CC6F00D56EF2 /* PBXContainerItemProxy */;
		};
		BD2F7CCB2015CC6F00D56EF2 /* PBXTargetDependency */ = {
			isa = PBXTargetDependency;
			target = BD2F7CA52015CC6F00D56EF2 /* camera */;
			targetProxy = BD2F7CCA2015CC6F00D56EF2 /* PBXContainerItemProxy */;
		};
/* End PBXTargetDependency section */

/* Begin PBXVariantGroup section */
		BD2F7CAF2015CC6F00D56EF2 /* Main.storyboard */ = {
			isa = PBXVariantGroup;
			children = (
				BD2F7CB02015CC6F00D56EF2 /* Base */,
			);
			name = Main.storyboard;
			sourceTree = "<group>";
		};
		BD2F7CB42015CC6F00D56EF2 /* LaunchScreen.storyboard */ = {
			isa = PBXVariantGroup;
			children = (
				BD2F7CB52015CC6F00D56EF2 /* Base */,
			);
			name = LaunchScreen.storyboard;
			sourceTree = "<group>";
		};
/* End PBXVariantGroup section */

/* Begin XCBuildConfiguration section */
		BD2F7CD02015CC6F00D56EF2 /* Debug */ = {
			isa = XCBuildConfiguration;
			buildSettings = {
				ALWAYS_SEARCH_USER_PATHS = NO;
				CLANG_ANALYZER_NONNULL = YES;
				CLANG_ANALYZER_NUMBER_OBJECT_CONVERSION = YES_AGGRESSIVE;
				CLANG_CXX_LANGUAGE_STANDARD = "gnu++14";
				CLANG_CXX_LIBRARY = "libc++";
				CLANG_ENABLE_MODULES = YES;
				CLANG_ENABLE_OBJC_ARC = YES;
				CLANG_WARN_BLOCK_CAPTURE_AUTORELEASING = YES;
				CLANG_WARN_BOOL_CONVERSION = YES;
				CLANG_WARN_COMMA = YES;
				CLANG_WARN_CONSTANT_CONVERSION = YES;
				CLANG_WARN_DIRECT_OBJC_ISA_USAGE = YES_ERROR;
				CLANG_WARN_DOCUMENTATION_COMMENTS = YES;
				CLANG_WARN_EMPTY_BODY = YES;
				CLANG_WARN_ENUM_CONVERSION = YES;
				CLANG_WARN_INFINITE_RECURSION = YES;
				CLANG_WARN_INT_CONVERSION = YES;
				CLANG_WARN_NON_LITERAL_NULL_CONVERSION = YES;
				CLANG_WARN_OBJC_LITERAL_CONVERSION = YES;
				CLANG_WARN_OBJC_ROOT_CLASS = YES_ERROR;
				CLANG_WARN_RANGE_LOOP_ANALYSIS = YES;
				CLANG_WARN_STRICT_PROTOTYPES = YES;
				CLANG_WARN_SUSPICIOUS_MOVE = YES;
				CLANG_WARN_UNGUARDED_AVAILABILITY = YES_AGGRESSIVE;
				CLANG_WARN_UNREACHABLE_CODE = YES;
				CLANG_WARN__DUPLICATE_METHOD_MATCH = YES;
				CODE_SIGN_IDENTITY = "iPhone Developer";
				COPY_PHASE_STRIP = NO;
				DEBUG_INFORMATION_FORMAT = dwarf;
				ENABLE_STRICT_OBJC_MSGSEND = YES;
				ENABLE_TESTABILITY = YES;
				GCC_C_LANGUAGE_STANDARD = gnu11;
				GCC_DYNAMIC_NO_PIC = NO;
				GCC_NO_COMMON_BLOCKS = YES;
				GCC_OPTIMIZATION_LEVEL = 0;
				GCC_PREPROCESSOR_DEFINITIONS = (
					"DEBUG=1",
					"$(inherited)",
				);
				GCC_WARN_64_TO_32_BIT_CONVERSION = YES;
				GCC_WARN_ABOUT_RETURN_TYPE = YES_ERROR;
				GCC_WARN_UNDECLARED_SELECTOR = YES;
				GCC_WARN_UNINITIALIZED_AUTOS = YES_AGGRESSIVE;
				GCC_WARN_UNUSED_FUNCTION = YES;
				GCC_WARN_UNUSED_VARIABLE = YES;
				IPHONEOS_DEPLOYMENT_TARGET = 11.2;
				MTL_ENABLE_DEBUG_INFO = YES;
				ONLY_ACTIVE_ARCH = YES;
				SDKROOT = iphoneos;
			};
			name = Debug;
		};
		BD2F7CD12015CC6F00D56EF2 /* Release */ = {
			isa = XCBuildConfiguration;
			buildSettings = {
				ALWAYS_SEARCH_USER_PATHS = NO;
				CLANG_ANALYZER_NONNULL = YES;
				CLANG_ANALYZER_NUMBER_OBJECT_CONVERSION = YES_AGGRESSIVE;
				CLANG_CXX_LANGUAGE_STANDARD = "gnu++14";
				CLANG_CXX_LIBRARY = "libc++";
				CLANG_ENABLE_MODULES = YES;
				CLANG_ENABLE_OBJC_ARC = YES;
				CLANG_WARN_BLOCK_CAPTURE_AUTORELEASING = YES;
				CLANG_WARN_BOOL_CONVERSION = YES;
				CLANG_WARN_COMMA = YES;
				CLANG_WARN_CONSTANT_CONVERSION = YES;
				CLANG_WARN_DIRECT_OBJC_ISA_USAGE = YES_ERROR;
				CLANG_WARN_DOCUMENTATION_COMMENTS = YES;
				CLANG_WARN_EMPTY_BODY = YES;
				CLANG_WARN_ENUM_CONVERSION = YES;
				CLANG_WARN_INFINITE_RECURSION = YES;
				CLANG_WARN_INT_CONVERSION = YES;
				CLANG_WARN_NON_LITERAL_NULL_CONVERSION = YES;
				CLANG_WARN_OBJC_LITERAL_CONVERSION = YES;
				CLANG_WARN_OBJC_ROOT_CLASS = YES_ERROR;
				CLANG_WARN_RANGE_LOOP_ANALYSIS = YES;
				CLANG_WARN_STRICT_PROTOTYPES = YES;
				CLANG_WARN_SUSPICIOUS_MOVE = YES;
				CLANG_WARN_UNGUARDED_AVAILABILITY = YES_AGGRESSIVE;
				CLANG_WARN_UNREACHABLE_CODE = YES;
				CLANG_WARN__DUPLICATE_METHOD_MATCH = YES;
				CODE_SIGN_IDENTITY = "iPhone Developer";
				COPY_PHASE_STRIP = NO;
				DEBUG_INFORMATION_FORMAT = "dwarf-with-dsym";
				ENABLE_NS_ASSERTIONS = NO;
				ENABLE_STRICT_OBJC_MSGSEND = YES;
				GCC_C_LANGUAGE_STANDARD = gnu11;
				GCC_NO_COMMON_BLOCKS = YES;
				GCC_WARN_64_TO_32_BIT_CONVERSION = YES;
				GCC_WARN_ABOUT_RETURN_TYPE = YES_ERROR;
				GCC_WARN_UNDECLARED_SELECTOR = YES;
				GCC_WARN_UNINITIALIZED_AUTOS = YES_AGGRESSIVE;
				GCC_WARN_UNUSED_FUNCTION = YES;
				GCC_WARN_UNUSED_VARIABLE = YES;
				IPHONEOS_DEPLOYMENT_TARGET = 11.2;
				MTL_ENABLE_DEBUG_INFO = NO;
				SDKROOT = iphoneos;
				VALIDATE_PRODUCT = YES;
			};
			name = Release;
		};
		BD2F7CD32015CC6F00D56EF2 /* Debug */ = {
			isa = XCBuildConfiguration;
			buildSettings = {
				ASSETCATALOG_COMPILER_APPICON_NAME = AppIcon;
				"CODE_SIGN_IDENTITY[sdk=iphoneos*]" = "iPhone Developer";
				CODE_SIGN_STYLE = Automatic;
				DEVELOPMENT_TEAM = GVW2X58469;
				INFOPLIST_FILE = camera/Info.plist;
				IPHONEOS_DEPLOYMENT_TARGET = 10.0;
				LD_RUNPATH_SEARCH_PATHS = "$(inherited) @executable_path/Frameworks";
				PRODUCT_BUNDLE_IDENTIFIER = com.qinfanNB.camera;
				PRODUCT_NAME = "$(TARGET_NAME)";
				PROVISIONING_PROFILE_SPECIFIER = "";
				TARGETED_DEVICE_FAMILY = "1,2";
			};
			name = Debug;
		};
		BD2F7CD42015CC6F00D56EF2 /* Release */ = {
			isa = XCBuildConfiguration;
			buildSettings = {
				ASSETCATALOG_COMPILER_APPICON_NAME = AppIcon;
				"CODE_SIGN_IDENTITY[sdk=iphoneos*]" = "iPhone Developer";
				CODE_SIGN_STYLE = Automatic;
				DEVELOPMENT_TEAM = GVW2X58469;
				INFOPLIST_FILE = camera/Info.plist;
				IPHONEOS_DEPLOYMENT_TARGET = 10.0;
				LD_RUNPATH_SEARCH_PATHS = "$(inherited) @executable_path/Frameworks";
				PRODUCT_BUNDLE_IDENTIFIER = com.qinfanNB.camera;
				PRODUCT_NAME = "$(TARGET_NAME)";
				PROVISIONING_PROFILE_SPECIFIER = "";
				TARGETED_DEVICE_FAMILY = "1,2";
			};
			name = Release;
		};
		BD2F7CD62015CC6F00D56EF2 /* Debug */ = {
			isa = XCBuildConfiguration;
			buildSettings = {
				BUNDLE_LOADER = "$(TEST_HOST)";
				CODE_SIGN_STYLE = Automatic;
				INFOPLIST_FILE = cameraTests/Info.plist;
				LD_RUNPATH_SEARCH_PATHS = "$(inherited) @executable_path/Frameworks @loader_path/Frameworks";
				PRODUCT_BUNDLE_IDENTIFIER = com.qinfanNB.cameraTests;
				PRODUCT_NAME = "$(TARGET_NAME)";
				TARGETED_DEVICE_FAMILY = "1,2";
				TEST_HOST = "$(BUILT_PRODUCTS_DIR)/camera.app/camera";
			};
			name = Debug;
		};
		BD2F7CD72015CC6F00D56EF2 /* Release */ = {
			isa = XCBuildConfiguration;
			buildSettings = {
				BUNDLE_LOADER = "$(TEST_HOST)";
				CODE_SIGN_STYLE = Automatic;
				INFOPLIST_FILE = cameraTests/Info.plist;
				LD_RUNPATH_SEARCH_PATHS = "$(inherited) @executable_path/Frameworks @loader_path/Frameworks";
				PRODUCT_BUNDLE_IDENTIFIER = com.qinfanNB.cameraTests;
				PRODUCT_NAME = "$(TARGET_NAME)";
				TARGETED_DEVICE_FAMILY = "1,2";
				TEST_HOST = "$(BUILT_PRODUCTS_DIR)/camera.app/camera";
			};
			name = Release;
		};
		BD2F7CD92015CC6F00D56EF2 /* Debug */ = {
			isa = XCBuildConfiguration;
			buildSettings = {
				CODE_SIGN_STYLE = Automatic;
				INFOPLIST_FILE = cameraUITests/Info.plist;
				LD_RUNPATH_SEARCH_PATHS = "$(inherited) @executable_path/Frameworks @loader_path/Frameworks";
				PRODUCT_BUNDLE_IDENTIFIER = com.qinfanNB.cameraUITests;
				PRODUCT_NAME = "$(TARGET_NAME)";
				TARGETED_DEVICE_FAMILY = "1,2";
				TEST_TARGET_NAME = camera;
			};
			name = Debug;
		};
		BD2F7CDA2015CC6F00D56EF2 /* Release */ = {
			isa = XCBuildConfiguration;
			buildSettings = {
				CODE_SIGN_STYLE = Automatic;
				INFOPLIST_FILE = cameraUITests/Info.plist;
				LD_RUNPATH_SEARCH_PATHS = "$(inherited) @executable_path/Frameworks @loader_path/Frameworks";
				PRODUCT_BUNDLE_IDENTIFIER = com.qinfanNB.cameraUITests;
				PRODUCT_NAME = "$(TARGET_NAME)";
				TARGETED_DEVICE_FAMILY = "1,2";
				TEST_TARGET_NAME = camera;
			};
			name = Release;
		};
/* End XCBuildConfiguration section */

/* Begin XCConfigurationList section */
		BD2F7CA12015CC6F00D56EF2 /* Build configuration list for PBXProject "camera" */ = {
			isa = XCConfigurationList;
			buildConfigurations = (
				BD2F7CD02015CC6F00D56EF2 /* Debug */,
				BD2F7CD12015CC6F00D56EF2 /* Release */,
			);
			defaultConfigurationIsVisible = 0;
			defaultConfigurationName = Release;
		};
		BD2F7CD22015CC6F00D56EF2 /* Build configuration list for PBXNativeTarget "camera" */ = {
			isa = XCConfigurationList;
			buildConfigurations = (
				BD2F7CD32015CC6F00D56EF2 /* Debug */,
				BD2F7CD42015CC6F00D56EF2 /* Release */,
			);
			defaultConfigurationIsVisible = 0;
			defaultConfigurationName = Release;
		};
		BD2F7CD52015CC6F00D56EF2 /* Build configuration list for PBXNativeTarget "cameraTests" */ = {
			isa = XCConfigurationList;
			buildConfigurations = (
				BD2F7CD62015CC6F00D56EF2 /* Debug */,
				BD2F7CD72015CC6F00D56EF2 /* Release */,
			);
			defaultConfigurationIsVisible = 0;
			defaultConfigurationName = Release;
		};
		BD2F7CD82015CC6F00D56EF2 /* Build configuration list for PBXNativeTarget "cameraUITests" */ = {
			isa = XCConfigurationList;
			buildConfigurations = (
				BD2F7CD92015CC6F00D56EF2 /* Debug */,
				BD2F7CDA2015CC6F00D56EF2 /* Release */,
			);
			defaultConfigurationIsVisible = 0;
			defaultConfigurationName = Release;
		};
/* End XCConfigurationList section */
	};
	rootObject = BD2F7C9E2015CC6F00D56EF2 /* Project object */;
}
